
Microsoft Visual Studio Solution File, Format Version 12.00
# Visual Studio 14
VisualStudioVersion = 14.0.25123.0
MinimumVisualStudioVersion = 10.0.40219.1
Project("{FAE04EC0-301F-11D3-BF4B-00C04F79EFBC}") = "SpryngApiHttpDotNet", "SpryngApiHttpDotNet\SpryngApiHttpDotNet.csproj", "{678F2F8B-1255-4B87-B170-B35BBE5B2D4A}"
EndProject
Project("{FAE04EC0-301F-11D3-BF4B-00C04F79EFBC}") = "SpryngApiHttpDotNet.Example", "SpryngApiHttpDotNet.Example\SpryngApiHttpDotNet.Example.csproj", "{0742804D-FAC5-4834-B470-3FC84C653FD9}"
EndProject
Global
	GlobalSection(SolutionConfigurationPlatforms) = preSolution
		Debug|Any CPU = Debug|Any CPU
		Release|Any CPU = Release|Any CPU
	EndGlobalSection
	GlobalSection(ProjectConfigurationPlatforms) = postSolution
		{678F2F8B-1255-4B87-B170-B35BBE5B2D4A}.Debug|Any CPU.ActiveCfg = Debug|Any CPU
		{678F2F8B-1255-4B87-B170-B35BBE5B2D4A}.Debug|Any CPU.Build.0 = Debug|Any CPU
		{678F2F8B-1255-4B87-B170-B35BBE5B2D4A}.Release|Any CPU.ActiveCfg = Release|Any CPU
		{678F2F8B-1255-4B87-B170-B35BBE5B2D4A}.Release|Any CPU.Build.0 = Release|Any CPU
		{0742804D-FAC5-4834-B470-3FC84C653FD9}.Debug|Any CPU.ActiveCfg = Debug|Any CPU
		{0742804D-FAC5-4834-B470-3FC84C653FD9}.Debug|Any CPU.Build.0 = Debug|Any CPU
		{0742804D-FAC5-4834-B470-3FC84C653FD9}.Release|Any CPU.ActiveCfg = Release|Any CPU
		{0742804D-FAC5-4834-B470-3FC84C653FD9}.Release|Any CPU.Build.0 = Release|Any CPU
	EndGlobalSection
	GlobalSection(SolutionProperties) = preSolution
		HideSolutionNode = FALSE
	EndGlobalSection
EndGlobal
